
Microsoft Visual Studio Solution File, Format Version 12.00
# Visual Studio Version 17
VisualStudioVersion = 17.8.34330.188
MinimumVisualStudioVersion = 10.0.40219.1
Project("{FAE04EC0-301F-11D3-BF4B-00C04F79EFBC}") = "WindowsFormsApp1", "WindowsFormsApp1\WindowsFormsApp1.csproj", "{4DB6B3AC-A364-485F-91D0-BC67844166DD}"
EndProject
Global
	GlobalSection(SolutionConfigurationPlatforms) = preSolution
		Debug|Any CPU = Debug|Any CPU
		Release|Any CPU = Release|Any CPU
	EndGlobalSection
	GlobalSection(ProjectConfigurationPlatforms) = postSolution
		{4DB6B3AC-A364-485F-91D0-BC67844166DD}.Debug|Any CPU.ActiveCfg = Debug|Any CPU
		{4DB6B3AC-A364-485F-91D0-BC67844166DD}.Debug|Any CPU.Build.0 = Debug|Any CPU
		{4DB6B3AC-A364-485F-91D0-BC67844166DD}.Release|Any CPU.ActiveCfg = Release|Any CPU
		{4DB6B3AC-A364-485F-91D0-BC67844166DD}.Release|Any CPU.Build.0 = Release|Any CPU
	EndGlobalSection
	GlobalSection(SolutionProperties) = preSolution
		HideSolutionNode = FALSE
	EndGlobalSection
	GlobalSection(ExtensibilityGlobals) = postSolution
		SolutionGuid = {2627C53E-3FD9-4198-B78E-F47E37F979D5}
	EndGlobalSection
EndGlobal
